// !$*UTF8*$!
{
	archiveVersion = 1;
	classes = {
	};
	objectVersion = 50;
	objects = {

/* Begin PBXBuildFile section */
		0D6942DF2B2B271100FCE889 /* Card.swift in Sources */ = {isa = PBXBuildFile; fileRef = 0D6942DE2B2B271100FCE889 /* Card.swift */; };
		0D6942E12B2B2C8300FCE889 /* Concentration.swift in Sources */ = {isa = PBXBuildFile; fileRef = 0D6942E02B2B2C8300FCE889 /* Concentration.swift */; };
		0D6942E32B2B2E7400FCE889 /* ConcentrationViewController.swift in Sources */ = {isa = PBXBuildFile; fileRef = 0D6942E22B2B2E7400FCE889 /* ConcentrationViewController.swift */; };
		0D88D67F2B60278A002799BD /* Themes.swift in Sources */ = {isa = PBXBuildFile; fileRef = 0D88D67E2B60278A002799BD /* Themes.swift */; };
		0DDC49072AC2E28900C366D3 /* AppDelegate.swift in Sources */ = {isa = PBXBuildFile; fileRef = 0DDC49062AC2E28900C366D3 /* AppDelegate.swift */; };
		0DDC49092AC2E28900C366D3 /* SceneDelegate.swift in Sources */ = {isa = PBXBuildFile; fileRef = 0DDC49082AC2E28900C366D3 /* SceneDelegate.swift */; };
		0DDC490E2AC2E28900C366D3 /* Main.storyboard in Resources */ = {isa = PBXBuildFile; fileRef = 0DDC490C2AC2E28900C366D3 /* Main.storyboard */; };
		0DDC49102AC2E28F00C366D3 /* Assets.xcassets in Resources */ = {isa = PBXBuildFile; fileRef = 0DDC490F2AC2E28F00C366D3 /* Assets.xcassets */; };
		0DDC49132AC2E28F00C366D3 /* LaunchScreen.storyboard in Resources */ = {isa = PBXBuildFile; fileRef = 0DDC49112AC2E28F00C366D3 /* LaunchScreen.storyboard */; };
		0DE13CAA2B344EB500C37BA0 /* ConcentrationThemeChooserViewController.swift in Sources */ = {isa = PBXBuildFile; fileRef = 0DE13CA92B344EB500C37BA0 /* ConcentrationThemeChooserViewController.swift */; };
/* End PBXBuildFile section */

/* Begin PBXFileReference section */
		0D6942DE2B2B271100FCE889 /* Card.swift */ = {isa = PBXFileReference; lastKnownFileType = sourcecode.swift; path = Card.swift; sourceTree = "<group>"; };
		0D6942E02B2B2C8300FCE889 /* Concentration.swift */ = {isa = PBXFileReference; lastKnownFileType = sourcecode.swift; path = Concentration.swift; sourceTree = "<group>"; };
		0D6942E22B2B2E7400FCE889 /* ConcentrationViewController.swift */ = {isa = PBXFileReference; lastKnownFileType = sourcecode.swift; path = ConcentrationViewController.swift; sourceTree = "<group>"; };
		0D88D67E2B60278A002799BD /* Themes.swift */ = {isa = PBXFileReference; lastKnownFileType = sourcecode.swift; path = Themes.swift; sourceTree = "<group>"; };
		0DDC49032AC2E28900C366D3 /* Concentration.app */ = {isa = PBXFileReference; explicitFileType = wrapper.application; includeInIndex = 0; path = Concentration.app; sourceTree = BUILT_PRODUCTS_DIR; };
		0DDC49062AC2E28900C366D3 /* AppDelegate.swift */ = {isa = PBXFileReference; lastKnownFileType = sourcecode.swift; path = AppDelegate.swift; sourceTree = "<group>"; };
		0DDC49082AC2E28900C366D3 /* SceneDelegate.swift */ = {isa = PBXFileReference; lastKnownFileType = sourcecode.swift; path = SceneDelegate.swift; sourceTree = "<group>"; };
		0DDC490D2AC2E28900C366D3 /* Base */ = {isa = PBXFileReference; lastKnownFileType = file.storyboard; name = Base; path = Base.lproj/Main.storyboard; sourceTree = "<group>"; };
		0DDC490F2AC2E28F00C366D3 /* Assets.xcassets */ = {isa = PBXFileReference; lastKnownFileType = folder.assetcatalog; path = Assets.xcassets; sourceTree = "<group>"; };
		0DDC49122AC2E28F00C366D3 /* Base */ = {isa = PBXFileReference; lastKnownFileType = file.storyboard; name = Base; path = Base.lproj/LaunchScreen.storyboard; sourceTree = "<group>"; };
		0DDC49142AC2E28F00C366D3 /* Info.plist */ = {isa = PBXFileReference; lastKnownFileType = text.plist.xml; path = Info.plist; sourceTree = "<group>"; };
		0DE13CA92B344EB500C37BA0 /* ConcentrationThemeChooserViewController.swift */ = {isa = PBXFileReference; lastKnownFileType = sourcecode.swift; path = ConcentrationThemeChooserViewController.swift; sourceTree = "<group>"; };
/* End PBXFileReference section */

/* Begin PBXFrameworksBuildPhase section */
		0DDC49002AC2E28900C366D3 /* Frameworks */ = {
			isa = PBXFrameworksBuildPhase;
			buildActionMask = 2147483647;
			files = (
			);
			runOnlyForDeploymentPostprocessing = 0;
		};
/* End PBXFrameworksBuildPhase section */

/* Begin PBXGroup section */
		0DDC48FA2AC2E28900C366D3 = {
			isa = PBXGroup;
			children = (
				0DDC49052AC2E28900C366D3 /* Concentration */,
				0DDC49042AC2E28900C366D3 /* Products */,
			);
			sourceTree = "<group>";
		};
		0DDC49042AC2E28900C366D3 /* Products */ = {
			isa = PBXGroup;
			children = (
				0DDC49032AC2E28900C366D3 /* Concentration.app */,
			);
			name = Products;
			sourceTree = "<group>";
		};
		0DDC49052AC2E28900C366D3 /* Concentration */ = {
			isa = PBXGroup;
			children = (
				0DDC491A2AC2F1D800C366D3 /* Supporting Files */,
				0D6942DE2B2B271100FCE889 /* Card.swift */,
				0D6942E22B2B2E7400FCE889 /* ConcentrationViewController.swift */,
				0D6942E02B2B2C8300FCE889 /* Concentration.swift */,
				0DDC490C2AC2E28900C366D3 /* Main.storyboard */,
				0DE13CA92B344EB500C37BA0 /* ConcentrationThemeChooserViewController.swift */,
				0DDC49142AC2E28F00C366D3 /* Info.plist */,
				0D88D67E2B60278A002799BD /* Themes.swift */,
			);
			path = Concentration;
			sourceTree = "<group>";
		};
		0DDC491A2AC2F1D800C366D3 /* Supporting Files */ = {
			isa = PBXGroup;
			children = (
				0DDC49112AC2E28F00C366D3 /* LaunchScreen.storyboard */,
				0DDC490F2AC2E28F00C366D3 /* Assets.xcassets */,
				0DDC49082AC2E28900C366D3 /* SceneDelegate.swift */,
				0DDC49062AC2E28900C366D3 /* AppDelegate.swift */,
			);
			path = "Supporting Files";
			sourceTree = "<group>";
		};
/* End PBXGroup section */

/* Begin PBXNativeTarget section */
		0DDC49022AC2E28900C366D3 /* Concentration */ = {
			isa = PBXNativeTarget;
			buildConfigurationList = 0DDC49172AC2E28F00C366D3 /* Build configuration list for PBXNativeTarget "Concentration" */;
			buildPhases = (
				0DDC48FF2AC2E28900C366D3 /* Sources */,
				0DDC49002AC2E28900C366D3 /* Frameworks */,
				0DDC49012AC2E28900C366D3 /* Resources */,
			);
			buildRules = (
			);
			dependencies = (
			);
			name = Concentration;
			productName = Concentration;
			productReference = 0DDC49032AC2E28900C366D3 /* Concentration.app */;
			productType = "com.apple.product-type.application";
		};
/* End PBXNativeTarget section */

/* Begin PBXProject section */
		0DDC48FB2AC2E28900C366D3 /* Project object */ = {
			isa = PBXProject;
			attributes = {
				LastSwiftUpdateCheck = 1250;
				LastUpgradeCheck = 1250;
				TargetAttributes = {
					0DDC49022AC2E28900C366D3 = {
						CreatedOnToolsVersion = 12.5.1;
					};
				};
			};
			buildConfigurationList = 0DDC48FE2AC2E28900C366D3 /* Build configuration list for PBXProject "Concentration" */;
			compatibilityVersion = "Xcode 9.3";
			developmentRegion = en;
			hasScannedForEncodings = 0;
			knownRegions = (
				en,
				Base,
			);
			mainGroup = 0DDC48FA2AC2E28900C366D3;
			productRefGroup = 0DDC49042AC2E28900C366D3 /* Products */;
			projectDirPath = "";
			projectRoot = "";
			targets = (
				0DDC49022AC2E28900C366D3 /* Concentration */,
			);
		};
/* End PBXProject section */

/* Begin PBXResourcesBuildPhase section */
		0DDC49012AC2E28900C366D3 /* Resources */ = {
			isa = PBXResourcesBuildPhase;
			buildActionMask = 2147483647;
			files = (
				0DDC49132AC2E28F00C366D3 /* LaunchScreen.storyboard in Resources */,
				0DDC49102AC2E28F00C366D3 /* Assets.xcassets in Resources */,
				0DDC490E2AC2E28900C366D3 /* Main.storyboard in Resources */,
			);
			runOnlyForDeploymentPostprocessing = 0;
		};
/* End PBXResourcesBuildPhase section */

/* Begin PBXSourcesBuildPhase section */
		0DDC48FF2AC2E28900C366D3 /* Sources */ = {
			isa = PBXSourcesBuildPhase;
			buildActionMask = 2147483647;
			files = (
				0D88D67F2B60278A002799BD /* Themes.swift in Sources */,
				0D6942E32B2B2E7400FCE889 /* ConcentrationViewController.swift in Sources */,
				0D6942E12B2B2C8300FCE889 /* Concentration.swift in Sources */,
				0D6942DF2B2B271100FCE889 /* Card.swift in Sources */,
				0DDC49072AC2E28900C366D3 /* AppDelegate.swift in Sources */,
				0DE13CAA2B344EB500C37BA0 /* ConcentrationThemeChooserViewController.swift in Sources */,
				0DDC49092AC2E28900C366D3 /* SceneDelegate.swift in Sources */,
			);
			runOnlyForDeploymentPostprocessing = 0;
		};
/* End PBXSourcesBuildPhase section */

/* Begin PBXVariantGroup section */
		0DDC490C2AC2E28900C366D3 /* Main.storyboard */ = {
			isa = PBXVariantGroup;
			children = (
				0DDC490D2AC2E28900C366D3 /* Base */,
			);
			name = Main.storyboard;
			sourceTree = "<group>";
		};
		0DDC49112AC2E28F00C366D3 /* LaunchScreen.storyboard */ = {
			isa = PBXVariantGroup;
			children = (
				0DDC49122AC2E28F00C366D3 /* Base */,
			);
			name = LaunchScreen.storyboard;
			sourceTree = "<group>";
		};
/* End PBXVariantGroup section */

/* Begin XCBuildConfiguration section */
		0DDC49152AC2E28F00C366D3 /* Debug */ = {
			isa = XCBuildConfiguration;
			buildSettings = {
				ALWAYS_SEARCH_USER_PATHS = NO;
				CLANG_ANALYZER_NONNULL = YES;
				CLANG_ANALYZER_NUMBER_OBJECT_CONVERSION = YES_AGGRESSIVE;
				CLANG_CXX_LANGUAGE_STANDARD = "gnu++14";
				CLANG_CXX_LIBRARY = "libc++";
				CLANG_ENABLE_MODULES = YES;
				CLANG_ENABLE_OBJC_ARC = YES;
				CLANG_ENABLE_OBJC_WEAK = YES;
				CLANG_WARN_BLOCK_CAPTURE_AUTORELEASING = YES;
				CLANG_WARN_BOOL_CONVERSION = YES;
				CLANG_WARN_COMMA = YES;
				CLANG_WARN_CONSTANT_CONVERSION = YES;
				CLANG_WARN_DEPRECATED_OBJC_IMPLEMENTATIONS = YES;
				CLANG_WARN_DIRECT_OBJC_ISA_USAGE = YES_ERROR;
				CLANG_WARN_DOCUMENTATION_COMMENTS = YES;
				CLANG_WARN_EMPTY_BODY = YES;
				CLANG_WARN_ENUM_CONVERSION = YES;
				CLANG_WARN_INFINITE_RECURSION = YES;
				CLANG_WARN_INT_CONVERSION = YES;
				CLANG_WARN_NON_LITERAL_NULL_CONVERSION = YES;
				CLANG_WARN_OBJC_IMPLICIT_RETAIN_SELF = YES;
				CLANG_WARN_OBJC_LITERAL_CONVERSION = YES;
				CLANG_WARN_OBJC_ROOT_CLASS = YES_ERROR;
				CLANG_WARN_QUOTED_INCLUDE_IN_FRAMEWORK_HEADER = YES;
				CLANG_WARN_RANGE_LOOP_ANALYSIS = YES;
				CLANG_WARN_STRICT_PROTOTYPES = YES;
				CLANG_WARN_SUSPICIOUS_MOVE = YES;
				CLANG_WARN_UNGUARDED_AVAILABILITY = YES_AGGRESSIVE;
				CLANG_WARN_UNREACHABLE_CODE = YES;
				CLANG_WARN__DUPLICATE_METHOD_MATCH = YES;
				COPY_PHASE_STRIP = NO;
				DEBUG_INFORMATION_FORMAT = dwarf;
				ENABLE_STRICT_OBJC_MSGSEND = YES;
				ENABLE_TESTABILITY = YES;
				GCC_C_LANGUAGE_STANDARD = gnu11;
				GCC_DYNAMIC_NO_PIC = NO;
				GCC_NO_COMMON_BLOCKS = YES;
				GCC_OPTIMIZATION_LEVEL = 0;
				GCC_PREPROCESSOR_DEFINITIONS = (
					"DEBUG=1",
					"$(inherited)",
				);
				GCC_WARN_64_TO_32_BIT_CONVERSION = YES;
				GCC_WARN_ABOUT_RETURN_TYPE = YES_ERROR;
				GCC_WARN_UNDECLARED_SELECTOR = YES;
				GCC_WARN_UNINITIALIZED_AUTOS = YES_AGGRESSIVE;
				GCC_WARN_UNUSED_FUNCTION = YES;
				GCC_WARN_UNUSED_VARIABLE = YES;
				IPHONEOS_DEPLOYMENT_TARGET = 14.5;
				MTL_ENABLE_DEBUG_INFO = INCLUDE_SOURCE;
				MTL_FAST_MATH = YES;
				ONLY_ACTIVE_ARCH = YES;
				SDKROOT = iphoneos;
				SWIFT_ACTIVE_COMPILATION_CONDITIONS = DEBUG;
				SWIFT_OPTIMIZATION_LEVEL = "-Onone";
			};
			name = Debug;
		};
		0DDC49162AC2E28F00C366D3 /* Release */ = {
			isa = XCBuildConfiguration;
			buildSettings = {
				ALWAYS_SEARCH_USER_PATHS = NO;
				CLANG_ANALYZER_NONNULL = YES;
				CLANG_ANALYZER_NUMBER_OBJECT_CONVERSION = YES_AGGRESSIVE;
				CLANG_CXX_LANGUAGE_STANDARD = "gnu++14";
				CLANG_CXX_LIBRARY = "libc++";
				CLANG_ENABLE_MODULES = YES;
				CLANG_ENABLE_OBJC_ARC = YES;
				CLANG_ENABLE_OBJC_WEAK = YES;
				CLANG_WARN_BLOCK_CAPTURE_AUTORELEASING = YES;
				CLANG_WARN_BOOL_CONVERSION = YES;
				CLANG_WARN_COMMA = YES;
				CLANG_WARN_CONSTANT_CONVERSION = YES;
				CLANG_WARN_DEPRECATED_OBJC_IMPLEMENTATIONS = YES;
				CLANG_WARN_DIRECT_OBJC_ISA_USAGE = YES_ERROR;
				CLANG_WARN_DOCUMENTATION_COMMENTS = YES;
				CLANG_WARN_EMPTY_BODY = YES;
				CLANG_WARN_ENUM_CONVERSION = YES;
				CLANG_WARN_INFINITE_RECURSION = YES;
				CLANG_WARN_INT_CONVERSION = YES;
				CLANG_WARN_NON_LITERAL_NULL_CONVERSION = YES;
				CLANG_WARN_OBJC_IMPLICIT_RETAIN_SELF = YES;
				CLANG_WARN_OBJC_LITERAL_CONVERSION = YES;
				CLANG_WARN_OBJC_ROOT_CLASS = YES_ERROR;
				CLANG_WARN_QUOTED_INCLUDE_IN_FRAMEWORK_HEADER = YES;
				CLANG_WARN_RANGE_LOOP_ANALYSIS = YES;
				CLANG_WARN_STRICT_PROTOTYPES = YES;
				CLANG_WARN_SUSPICIOUS_MOVE = YES;
				CLANG_WARN_UNGUARDED_AVAILABILITY = YES_AGGRESSIVE;
				CLANG_WARN_UNREACHABLE_CODE = YES;
				CLANG_WARN__DUPLICATE_METHOD_MATCH = YES;
				COPY_PHASE_STRIP = NO;
				DEBUG_INFORMATION_FORMAT = "dwarf-with-dsym";
				ENABLE_NS_ASSERTIONS = NO;
				ENABLE_STRICT_OBJC_MSGSEND = YES;
				GCC_C_LANGUAGE_STANDARD = gnu11;
				GCC_NO_COMMON_BLOCKS = YES;
				GCC_WARN_64_TO_32_BIT_CONVERSION = YES;
				GCC_WARN_ABOUT_RETURN_TYPE = YES_ERROR;
				GCC_WARN_UNDECLARED_SELECTOR = YES;
				GCC_WARN_UNINITIALIZED_AUTOS = YES_AGGRESSIVE;
				GCC_WARN_UNUSED_FUNCTION = YES;
				GCC_WARN_UNUSED_VARIABLE = YES;
				IPHONEOS_DEPLOYMENT_TARGET = 14.5;
				MTL_ENABLE_DEBUG_INFO = NO;
				MTL_FAST_MATH = YES;
				SDKROOT = iphoneos;
				SWIFT_COMPILATION_MODE = wholemodule;
				SWIFT_OPTIMIZATION_LEVEL = "-O";
				VALIDATE_PRODUCT = YES;
			};
			name = Release;
		};
		0DDC49182AC2E28F00C366D3 /* Debug */ = {
			isa = XCBuildConfiguration;
			buildSettings = {
				ASSETCATALOG_COMPILER_APPICON_NAME = AppIcon;
				ASSETCATALOG_COMPILER_GLOBAL_ACCENT_COLOR_NAME = AccentColor;
				CODE_SIGN_STYLE = Automatic;
				DEVELOPMENT_TEAM = 4U6M9LNAPU;
				INFOPLIST_FILE = Concentration/Info.plist;
				LD_RUNPATH_SEARCH_PATHS = (
					"$(inherited)",
					"@executable_path/Frameworks",
				);
				PRODUCT_BUNDLE_IDENTIFIER = VSU.Concentration;
				PRODUCT_NAME = "$(TARGET_NAME)";
				SWIFT_VERSION = 5.0;
				TARGETED_DEVICE_FAMILY = "1,2";
			};
			name = Debug;
		};
		0DDC49192AC2E28F00C366D3 /* Release */ = {
			isa = XCBuildConfiguration;
			buildSettings = {
				ASSETCATALOG_COMPILER_APPICON_NAME = AppIcon;
				ASSETCATALOG_COMPILER_GLOBAL_ACCENT_COLOR_NAME = AccentColor;
				CODE_SIGN_STYLE = Automatic;
				DEVELOPMENT_TEAM = 4U6M9LNAPU;
				INFOPLIST_FILE = Concentration/Info.plist;
				LD_RUNPATH_SEARCH_PATHS = (
					"$(inherited)",
					"@executable_path/Frameworks",
				);
				PRODUCT_BUNDLE_IDENTIFIER = VSU.Concentration;
				PRODUCT_NAME = "$(TARGET_NAME)";
				SWIFT_VERSION = 5.0;
				TARGETED_DEVICE_FAMILY = "1,2";
			};
			name = Release;
		};
/* End XCBuildConfiguration section */

/* Begin XCConfigurationList section */
		0DDC48FE2AC2E28900C366D3 /* Build configuration list for PBXProject "Concentration" */ = {
			isa = XCConfigurationList;
			buildConfigurations = (
				0DDC49152AC2E28F00C366D3 /* Debug */,
				0DDC49162AC2E28F00C366D3 /* Release */,
			);
			defaultConfigurationIsVisible = 0;
			defaultConfigurationName = Release;
		};
		0DDC49172AC2E28F00C366D3 /* Build configuration list for PBXNativeTarget "Concentration" */ = {
			isa = XCConfigurationList;
			buildConfigurations = (
				0DDC49182AC2E28F00C366D3 /* Debug */,
				0DDC49192AC2E28F00C366D3 /* Release */,
			);
			defaultConfigurationIsVisible = 0;
			defaultConfigurationName = Release;
		};
/* End XCConfigurationList section */
	};
	rootObject = 0DDC48FB2AC2E28900C366D3 /* Project object */;
}
